
Microsoft Visual Studio Solution File, Format Version 12.00
# Visual Studio Version 17
VisualStudioVersion = 17.0.31903.59
MinimumVisualStudioVersion = 10.0.40219.1
Project("{9A19103F-16F7-4668-BE54-9A1E7A4F7556}") = "MyConsCalc", "MyConsCalc.csproj", "{BA06DE06-4B95-437B-8615-263646AB34BB}"
EndProject
Project("{FAE04EC0-301F-11D3-BF4B-00C04F79EFBC}") = "ConsoleApp1", "..\ConsoleApp1\ConsoleApp1.csproj", "{29920790-5328-4200-B76B-A917BA9C8DC0}"
EndProject
Project("{2150E333-8FDC-42A3-9474-1A3956D46DE8}") = "newfolder", "newfolder", "{FA098CD4-11BD-45D0-9257-BDEB46525D62}"
EndProject
Global
	GlobalSection(SolutionConfigurationPlatforms) = preSolution
		Debug|Any CPU = Debug|Any CPU
		Release|Any CPU = Release|Any CPU
	EndGlobalSection
	GlobalSection(ProjectConfigurationPlatforms) = postSolution
		{BA06DE06-4B95-437B-8615-263646AB34BB}.Debug|Any CPU.ActiveCfg = Debug|Any CPU
		{BA06DE06-4B95-437B-8615-263646AB34BB}.Debug|Any CPU.Build.0 = Debug|Any CPU
		{BA06DE06-4B95-437B-8615-263646AB34BB}.Release|Any CPU.ActiveCfg = Release|Any CPU
		{BA06DE06-4B95-437B-8615-263646AB34BB}.Release|Any CPU.Build.0 = Release|Any CPU
		{29920790-5328-4200-B76B-A917BA9C8DC0}.Debug|Any CPU.ActiveCfg = Debug|Any CPU
		{29920790-5328-4200-B76B-A917BA9C8DC0}.Debug|Any CPU.Build.0 = Debug|Any CPU
		{29920790-5328-4200-B76B-A917BA9C8DC0}.Release|Any CPU.ActiveCfg = Release|Any CPU
		{29920790-5328-4200-B76B-A917BA9C8DC0}.Release|Any CPU.Build.0 = Release|Any CPU
	EndGlobalSection
	GlobalSection(SolutionProperties) = preSolution
		HideSolutionNode = FALSE
	EndGlobalSection
	GlobalSection(NestedProjects) = preSolution
		{29920790-5328-4200-B76B-A917BA9C8DC0} = {FA098CD4-11BD-45D0-9257-BDEB46525D62}
	EndGlobalSection
	GlobalSection(ExtensibilityGlobals) = postSolution
		SolutionGuid = {EEB74905-1D66-4607-90CB-AD56C428DA81}
	EndGlobalSection
EndGlobal
